
Microsoft Visual Studio Solution File, Format Version 12.00
# Visual Studio Version 17
VisualStudioVersion = 17.9.34728.123
MinimumVisualStudioVersion = 10.0.40219.1
Project("{FAE04EC0-301F-11D3-BF4B-00C04F79EFBC}") = "LibraryManagement", "LibraryManagement.csproj", "{6A27EE81-ACFE-45CC-B307-1ECC79577539}"
EndProject
Global
	GlobalSection(SolutionConfigurationPlatforms) = preSolution
		Debug|Any CPU = Debug|Any CPU
		Release|Any CPU = Release|Any CPU
	EndGlobalSection
	GlobalSection(ProjectConfigurationPlatforms) = postSolution
		{6A27EE81-ACFE-45CC-B307-1ECC79577539}.Debug|Any CPU.ActiveCfg = Debug|Any CPU
		{6A27EE81-ACFE-45CC-B307-1ECC79577539}.Debug|Any CPU.Build.0 = Debug|Any CPU
		{6A27EE81-ACFE-45CC-B307-1ECC79577539}.Release|Any CPU.ActiveCfg = Release|Any CPU
		{6A27EE81-ACFE-45CC-B307-1ECC79577539}.Release|Any CPU.Build.0 = Release|Any CPU
	EndGlobalSection
	GlobalSection(SolutionProperties) = preSolution
		HideSolutionNode = FALSE
	EndGlobalSection
	GlobalSection(ExtensibilityGlobals) = postSolution
		SolutionGuid = {CFCF1141-2BAE-4C5B-B279-0846A2C15D8B}
	EndGlobalSection
EndGlobal
